
Microsoft Visual Studio Solution File, Format Version 12.00
# Visual Studio Version 17
VisualStudioVersion = 17.3.32819.101
MinimumVisualStudioVersion = 10.0.40219.1
Project("{FAE04EC0-301F-11D3-BF4B-00C04F79EFBC}") = "Version 2 - Pantallas", "Version 2 - Pantallas.csproj", "{627FF9BA-98E7-403E-9D4D-489073D74B54}"
EndProject
Global
	GlobalSection(SolutionConfigurationPlatforms) = preSolution
		Debug|Any CPU = Debug|Any CPU
		Release|Any CPU = Release|Any CPU
	EndGlobalSection
	GlobalSection(ProjectConfigurationPlatforms) = postSolution
		{627FF9BA-98E7-403E-9D4D-489073D74B54}.Debug|Any CPU.ActiveCfg = Debug|Any CPU
		{627FF9BA-98E7-403E-9D4D-489073D74B54}.Debug|Any CPU.Build.0 = Debug|Any CPU
		{627FF9BA-98E7-403E-9D4D-489073D74B54}.Release|Any CPU.ActiveCfg = Release|Any CPU
		{627FF9BA-98E7-403E-9D4D-489073D74B54}.Release|Any CPU.Build.0 = Release|Any CPU
	EndGlobalSection
	GlobalSection(SolutionProperties) = preSolution
		HideSolutionNode = FALSE
	EndGlobalSection
	GlobalSection(ExtensibilityGlobals) = postSolution
		SolutionGuid = {F65C3534-4FA0-4EB1-BCAF-0887A5B3608C}
	EndGlobalSection
EndGlobal
